// !$*UTF8*$!
{
	archiveVersion = 1;
	classes = {
	};
	objectVersion = 56;
	objects = {

/* Begin PBXBuildFile section */
		24C4ABE929A9ECAD002DC59C /* AppDelegate.swift in Sources */ = {isa = PBXBuildFile; fileRef = 24C4ABE829A9ECAD002DC59C /* AppDelegate.swift */; };
		24C4ABEB29A9ECAD002DC59C /* SceneDelegate.swift in Sources */ = {isa = PBXBuildFile; fileRef = 24C4ABEA29A9ECAD002DC59C /* SceneDelegate.swift */; };
		24C4ABF229A9ECAE002DC59C /* Assets.xcassets in Resources */ = {isa = PBXBuildFile; fileRef = 24C4ABF129A9ECAE002DC59C /* Assets.xcassets */; };
		24C4ABF529A9ECAE002DC59C /* LaunchScreen.storyboard in Resources */ = {isa = PBXBuildFile; fileRef = 24C4ABF329A9ECAE002DC59C /* LaunchScreen.storyboard */; };
		24C4AC0029A9ECAE002DC59C /* PokeDexTests.swift in Sources */ = {isa = PBXBuildFile; fileRef = 24C4ABFF29A9ECAE002DC59C /* PokeDexTests.swift */; };
		24C4AC0A29A9ECAE002DC59C /* PokeDexUITests.swift in Sources */ = {isa = PBXBuildFile; fileRef = 24C4AC0929A9ECAE002DC59C /* PokeDexUITests.swift */; };
		24C4AC0C29A9ECAE002DC59C /* PokeDexUITestsLaunchTests.swift in Sources */ = {isa = PBXBuildFile; fileRef = 24C4AC0B29A9ECAE002DC59C /* PokeDexUITestsLaunchTests.swift */; };
		24C4AC1929A9EDFD002DC59C /* HomeViewController.swift in Sources */ = {isa = PBXBuildFile; fileRef = 24C4AC1829A9EDFD002DC59C /* HomeViewController.swift */; };
		24C4AC1B29A9EE37002DC59C /* HomeViewController.xib in Resources */ = {isa = PBXBuildFile; fileRef = 24C4AC1A29A9EE37002DC59C /* HomeViewController.xib */; };
		24C4AC2329A9F1E7002DC59C /* SDWebImage in Frameworks */ = {isa = PBXBuildFile; productRef = 24C4AC2229A9F1E7002DC59C /* SDWebImage */; };
		24C4AC2629A9F200002DC59C /* RxCocoa in Frameworks */ = {isa = PBXBuildFile; productRef = 24C4AC2529A9F200002DC59C /* RxCocoa */; };
		24C4AC2829A9F200002DC59C /* RxRelay in Frameworks */ = {isa = PBXBuildFile; productRef = 24C4AC2729A9F200002DC59C /* RxRelay */; };
		24C4AC2A29A9F200002DC59C /* RxSwift in Frameworks */ = {isa = PBXBuildFile; productRef = 24C4AC2929A9F200002DC59C /* RxSwift */; };
		24C4AC2E29A9F3A2002DC59C /* PokemonDataSource.swift in Sources */ = {isa = PBXBuildFile; fileRef = 24C4AC2D29A9F3A2002DC59C /* PokemonDataSource.swift */; };
		24C4AC3129A9F43A002DC59C /* PokemonRepository.swift in Sources */ = {isa = PBXBuildFile; fileRef = 24C4AC3029A9F43A002DC59C /* PokemonRepository.swift */; };
		24C4AC3529A9F4C8002DC59C /* PokemonEntity.swift in Sources */ = {isa = PBXBuildFile; fileRef = 24C4AC3429A9F4C8002DC59C /* PokemonEntity.swift */; };
		24C4AC3729A9F772002DC59C /* PokemonImageEntity.swift in Sources */ = {isa = PBXBuildFile; fileRef = 24C4AC3629A9F772002DC59C /* PokemonImageEntity.swift */; };
		24C4AC3929A9F79E002DC59C /* PokemonTypesEntity.swift in Sources */ = {isa = PBXBuildFile; fileRef = 24C4AC3829A9F79E002DC59C /* PokemonTypesEntity.swift */; };
		24C4AC3B29A9F7BC002DC59C /* PokemonTypeEntity.swift in Sources */ = {isa = PBXBuildFile; fileRef = 24C4AC3A29A9F7BC002DC59C /* PokemonTypeEntity.swift */; };
/* End PBXBuildFile section */

/* Begin PBXContainerItemProxy section */
		24C4ABFC29A9ECAE002DC59C /* PBXContainerItemProxy */ = {
			isa = PBXContainerItemProxy;
			containerPortal = 24C4ABDD29A9ECAD002DC59C /* Project object */;
			proxyType = 1;
			remoteGlobalIDString = 24C4ABE429A9ECAD002DC59C;
			remoteInfo = PokeDex;
		};
		24C4AC0629A9ECAE002DC59C /* PBXContainerItemProxy */ = {
			isa = PBXContainerItemProxy;
			containerPortal = 24C4ABDD29A9ECAD002DC59C /* Project object */;
			proxyType = 1;
			remoteGlobalIDString = 24C4ABE429A9ECAD002DC59C;
			remoteInfo = PokeDex;
		};
/* End PBXContainerItemProxy section */

/* Begin PBXFileReference section */
		24C4ABE529A9ECAD002DC59C /* PokeDex.app */ = {isa = PBXFileReference; explicitFileType = wrapper.application; includeInIndex = 0; path = PokeDex.app; sourceTree = BUILT_PRODUCTS_DIR; };
		24C4ABE829A9ECAD002DC59C /* AppDelegate.swift */ = {isa = PBXFileReference; lastKnownFileType = sourcecode.swift; path = AppDelegate.swift; sourceTree = "<group>"; };
		24C4ABEA29A9ECAD002DC59C /* SceneDelegate.swift */ = {isa = PBXFileReference; lastKnownFileType = sourcecode.swift; path = SceneDelegate.swift; sourceTree = "<group>"; };
		24C4ABF129A9ECAE002DC59C /* Assets.xcassets */ = {isa = PBXFileReference; lastKnownFileType = folder.assetcatalog; path = Assets.xcassets; sourceTree = "<group>"; };
		24C4ABF429A9ECAE002DC59C /* Base */ = {isa = PBXFileReference; lastKnownFileType = file.storyboard; name = Base; path = Base.lproj/LaunchScreen.storyboard; sourceTree = "<group>"; };
		24C4ABF629A9ECAE002DC59C /* Info.plist */ = {isa = PBXFileReference; lastKnownFileType = text.plist.xml; path = Info.plist; sourceTree = "<group>"; };
		24C4ABFB29A9ECAE002DC59C /* PokeDexTests.xctest */ = {isa = PBXFileReference; explicitFileType = wrapper.cfbundle; includeInIndex = 0; path = PokeDexTests.xctest; sourceTree = BUILT_PRODUCTS_DIR; };
		24C4ABFF29A9ECAE002DC59C /* PokeDexTests.swift */ = {isa = PBXFileReference; lastKnownFileType = sourcecode.swift; path = PokeDexTests.swift; sourceTree = "<group>"; };
		24C4AC0529A9ECAE002DC59C /* PokeDexUITests.xctest */ = {isa = PBXFileReference; explicitFileType = wrapper.cfbundle; includeInIndex = 0; path = PokeDexUITests.xctest; sourceTree = BUILT_PRODUCTS_DIR; };
		24C4AC0929A9ECAE002DC59C /* PokeDexUITests.swift */ = {isa = PBXFileReference; lastKnownFileType = sourcecode.swift; path = PokeDexUITests.swift; sourceTree = "<group>"; };
		24C4AC0B29A9ECAE002DC59C /* PokeDexUITestsLaunchTests.swift */ = {isa = PBXFileReference; lastKnownFileType = sourcecode.swift; path = PokeDexUITestsLaunchTests.swift; sourceTree = "<group>"; };
		24C4AC1829A9EDFD002DC59C /* HomeViewController.swift */ = {isa = PBXFileReference; lastKnownFileType = sourcecode.swift; path = HomeViewController.swift; sourceTree = "<group>"; };
		24C4AC1A29A9EE37002DC59C /* HomeViewController.xib */ = {isa = PBXFileReference; lastKnownFileType = file.xib; path = HomeViewController.xib; sourceTree = "<group>"; };
		24C4AC2D29A9F3A2002DC59C /* PokemonDataSource.swift */ = {isa = PBXFileReference; lastKnownFileType = sourcecode.swift; path = PokemonDataSource.swift; sourceTree = "<group>"; };
		24C4AC3029A9F43A002DC59C /* PokemonRepository.swift */ = {isa = PBXFileReference; lastKnownFileType = sourcecode.swift; path = PokemonRepository.swift; sourceTree = "<group>"; };
		24C4AC3429A9F4C8002DC59C /* PokemonEntity.swift */ = {isa = PBXFileReference; lastKnownFileType = sourcecode.swift; path = PokemonEntity.swift; sourceTree = "<group>"; };
		24C4AC3629A9F772002DC59C /* PokemonImageEntity.swift */ = {isa = PBXFileReference; lastKnownFileType = sourcecode.swift; path = PokemonImageEntity.swift; sourceTree = "<group>"; };
		24C4AC3829A9F79E002DC59C /* PokemonTypesEntity.swift */ = {isa = PBXFileReference; lastKnownFileType = sourcecode.swift; path = PokemonTypesEntity.swift; sourceTree = "<group>"; };
		24C4AC3A29A9F7BC002DC59C /* PokemonTypeEntity.swift */ = {isa = PBXFileReference; lastKnownFileType = sourcecode.swift; path = PokemonTypeEntity.swift; sourceTree = "<group>"; };
/* End PBXFileReference section */

/* Begin PBXFrameworksBuildPhase section */
		24C4ABE229A9ECAD002DC59C /* Frameworks */ = {
			isa = PBXFrameworksBuildPhase;
			buildActionMask = 2147483647;
			files = (
				24C4AC2829A9F200002DC59C /* RxRelay in Frameworks */,
				24C4AC2629A9F200002DC59C /* RxCocoa in Frameworks */,
				24C4AC2A29A9F200002DC59C /* RxSwift in Frameworks */,
				24C4AC2329A9F1E7002DC59C /* SDWebImage in Frameworks */,
			);
			runOnlyForDeploymentPostprocessing = 0;
		};
		24C4ABF829A9ECAE002DC59C /* Frameworks */ = {
			isa = PBXFrameworksBuildPhase;
			buildActionMask = 2147483647;
			files = (
			);
			runOnlyForDeploymentPostprocessing = 0;
		};
		24C4AC0229A9ECAE002DC59C /* Frameworks */ = {
			isa = PBXFrameworksBuildPhase;
			buildActionMask = 2147483647;
			files = (
			);
			runOnlyForDeploymentPostprocessing = 0;
		};
/* End PBXFrameworksBuildPhase section */

/* Begin PBXGroup section */
		24C4ABDC29A9ECAD002DC59C = {
			isa = PBXGroup;
			children = (
				24C4ABE729A9ECAD002DC59C /* PokeDex */,
				24C4ABFE29A9ECAE002DC59C /* PokeDexTests */,
				24C4AC0829A9ECAE002DC59C /* PokeDexUITests */,
				24C4ABE629A9ECAD002DC59C /* Products */,
			);
			sourceTree = "<group>";
		};
		24C4ABE629A9ECAD002DC59C /* Products */ = {
			isa = PBXGroup;
			children = (
				24C4ABE529A9ECAD002DC59C /* PokeDex.app */,
				24C4ABFB29A9ECAE002DC59C /* PokeDexTests.xctest */,
				24C4AC0529A9ECAE002DC59C /* PokeDexUITests.xctest */,
			);
			name = Products;
			sourceTree = "<group>";
		};
		24C4ABE729A9ECAD002DC59C /* PokeDex */ = {
			isa = PBXGroup;
			children = (
				24C4AC3229A9F4AE002DC59C /* Data */,
				24C4ABE829A9ECAD002DC59C /* AppDelegate.swift */,
				24C4ABEA29A9ECAD002DC59C /* SceneDelegate.swift */,
				24C4ABF129A9ECAE002DC59C /* Assets.xcassets */,
				24C4ABF329A9ECAE002DC59C /* LaunchScreen.storyboard */,
				24C4ABF629A9ECAE002DC59C /* Info.plist */,
				24C4AC1C29A9EFAE002DC59C /* Home */,
			);
			path = PokeDex;
			sourceTree = "<group>";
		};
		24C4ABFE29A9ECAE002DC59C /* PokeDexTests */ = {
			isa = PBXGroup;
			children = (
				24C4ABFF29A9ECAE002DC59C /* PokeDexTests.swift */,
			);
			path = PokeDexTests;
			sourceTree = "<group>";
		};
		24C4AC0829A9ECAE002DC59C /* PokeDexUITests */ = {
			isa = PBXGroup;
			children = (
				24C4AC0929A9ECAE002DC59C /* PokeDexUITests.swift */,
				24C4AC0B29A9ECAE002DC59C /* PokeDexUITestsLaunchTests.swift */,
			);
			path = PokeDexUITests;
			sourceTree = "<group>";
		};
		24C4AC1C29A9EFAE002DC59C /* Home */ = {
			isa = PBXGroup;
			children = (
				24C4AC1E29A9EFC6002DC59C /* View */,
				24C4AC1D29A9EFB6002DC59C /* ViewModel */,
			);
			path = Home;
			sourceTree = "<group>";
		};
		24C4AC1D29A9EFB6002DC59C /* ViewModel */ = {
			isa = PBXGroup;
			children = (
			);
			path = ViewModel;
			sourceTree = "<group>";
		};
		24C4AC1E29A9EFC6002DC59C /* View */ = {
			isa = PBXGroup;
			children = (
				24C4AC1F29A9EFCF002DC59C /* Controller */,
				24C4AC2029A9EFDA002DC59C /* Cell */,
			);
			path = View;
			sourceTree = "<group>";
		};
		24C4AC1F29A9EFCF002DC59C /* Controller */ = {
			isa = PBXGroup;
			children = (
				24C4AC1829A9EDFD002DC59C /* HomeViewController.swift */,
				24C4AC1A29A9EE37002DC59C /* HomeViewController.xib */,
			);
			path = Controller;
			sourceTree = "<group>";
		};
		24C4AC2029A9EFDA002DC59C /* Cell */ = {
			isa = PBXGroup;
			children = (
			);
			path = Cell;
			sourceTree = "<group>";
		};
		24C4AC2B29A9F256002DC59C /* DataSource */ = {
			isa = PBXGroup;
			children = (
				24C4AC2D29A9F3A2002DC59C /* PokemonDataSource.swift */,
			);
			path = DataSource;
			sourceTree = "<group>";
		};
		24C4AC2C29A9F25F002DC59C /* Repository */ = {
			isa = PBXGroup;
			children = (
				24C4AC3029A9F43A002DC59C /* PokemonRepository.swift */,
			);
			path = Repository;
			sourceTree = "<group>";
		};
		24C4AC3229A9F4AE002DC59C /* Data */ = {
			isa = PBXGroup;
			children = (
				24C4AC3329A9F4B8002DC59C /* Entity */,
				24C4AC2B29A9F256002DC59C /* DataSource */,
				24C4AC2C29A9F25F002DC59C /* Repository */,
			);
			name = Data;
			sourceTree = "<group>";
		};
		24C4AC3329A9F4B8002DC59C /* Entity */ = {
			isa = PBXGroup;
			children = (
				24C4AC3429A9F4C8002DC59C /* PokemonEntity.swift */,
				24C4AC3629A9F772002DC59C /* PokemonImageEntity.swift */,
				24C4AC3829A9F79E002DC59C /* PokemonTypesEntity.swift */,
				24C4AC3A29A9F7BC002DC59C /* PokemonTypeEntity.swift */,
			);
			path = Entity;
			sourceTree = "<group>";
		};
/* End PBXGroup section */

/* Begin PBXNativeTarget section */
		24C4ABE429A9ECAD002DC59C /* PokeDex */ = {
			isa = PBXNativeTarget;
			buildConfigurationList = 24C4AC0F29A9ECAE002DC59C /* Build configuration list for PBXNativeTarget "PokeDex" */;
			buildPhases = (
				24C4ABE129A9ECAD002DC59C /* Sources */,
				24C4ABE229A9ECAD002DC59C /* Frameworks */,
				24C4ABE329A9ECAD002DC59C /* Resources */,
			);
			buildRules = (
			);
			dependencies = (
			);
			name = PokeDex;
			packageProductDependencies = (
				24C4AC2229A9F1E7002DC59C /* SDWebImage */,
				24C4AC2529A9F200002DC59C /* RxCocoa */,
				24C4AC2729A9F200002DC59C /* RxRelay */,
				24C4AC2929A9F200002DC59C /* RxSwift */,
			);
			productName = PokeDex;
			productReference = 24C4ABE529A9ECAD002DC59C /* PokeDex.app */;
			productType = "com.apple.product-type.application";
		};
		24C4ABFA29A9ECAE002DC59C /* PokeDexTests */ = {
			isa = PBXNativeTarget;
			buildConfigurationList = 24C4AC1229A9ECAE002DC59C /* Build configuration list for PBXNativeTarget "PokeDexTests" */;
			buildPhases = (
				24C4ABF729A9ECAE002DC59C /* Sources */,
				24C4ABF829A9ECAE002DC59C /* Frameworks */,
				24C4ABF929A9ECAE002DC59C /* Resources */,
			);
			buildRules = (
			);
			dependencies = (
				24C4ABFD29A9ECAE002DC59C /* PBXTargetDependency */,
			);
			name = PokeDexTests;
			productName = PokeDexTests;
			productReference = 24C4ABFB29A9ECAE002DC59C /* PokeDexTests.xctest */;
			productType = "com.apple.product-type.bundle.unit-test";
		};
		24C4AC0429A9ECAE002DC59C /* PokeDexUITests */ = {
			isa = PBXNativeTarget;
			buildConfigurationList = 24C4AC1529A9ECAE002DC59C /* Build configuration list for PBXNativeTarget "PokeDexUITests" */;
			buildPhases = (
				24C4AC0129A9ECAE002DC59C /* Sources */,
				24C4AC0229A9ECAE002DC59C /* Frameworks */,
				24C4AC0329A9ECAE002DC59C /* Resources */,
			);
			buildRules = (
			);
			dependencies = (
				24C4AC0729A9ECAE002DC59C /* PBXTargetDependency */,
			);
			name = PokeDexUITests;
			productName = PokeDexUITests;
			productReference = 24C4AC0529A9ECAE002DC59C /* PokeDexUITests.xctest */;
			productType = "com.apple.product-type.bundle.ui-testing";
		};
/* End PBXNativeTarget section */

/* Begin PBXProject section */
		24C4ABDD29A9ECAD002DC59C /* Project object */ = {
			isa = PBXProject;
			attributes = {
				BuildIndependentTargetsInParallel = 1;
				LastSwiftUpdateCheck = 1420;
				LastUpgradeCheck = 1420;
				TargetAttributes = {
					24C4ABE429A9ECAD002DC59C = {
						CreatedOnToolsVersion = 14.2;
					};
					24C4ABFA29A9ECAE002DC59C = {
						CreatedOnToolsVersion = 14.2;
						TestTargetID = 24C4ABE429A9ECAD002DC59C;
					};
					24C4AC0429A9ECAE002DC59C = {
						CreatedOnToolsVersion = 14.2;
						TestTargetID = 24C4ABE429A9ECAD002DC59C;
					};
				};
			};
			buildConfigurationList = 24C4ABE029A9ECAD002DC59C /* Build configuration list for PBXProject "PokeDex" */;
			compatibilityVersion = "Xcode 14.0";
			developmentRegion = en;
			hasScannedForEncodings = 0;
			knownRegions = (
				en,
				Base,
			);
			mainGroup = 24C4ABDC29A9ECAD002DC59C;
			packageReferences = (
				24C4AC2129A9F1E7002DC59C /* XCRemoteSwiftPackageReference "SDWebImage" */,
				24C4AC2429A9F200002DC59C /* XCRemoteSwiftPackageReference "RxSwift" */,
			);
			productRefGroup = 24C4ABE629A9ECAD002DC59C /* Products */;
			projectDirPath = "";
			projectRoot = "";
			targets = (
				24C4ABE429A9ECAD002DC59C /* PokeDex */,
				24C4ABFA29A9ECAE002DC59C /* PokeDexTests */,
				24C4AC0429A9ECAE002DC59C /* PokeDexUITests */,
			);
		};
/* End PBXProject section */

/* Begin PBXResourcesBuildPhase section */
		24C4ABE329A9ECAD002DC59C /* Resources */ = {
			isa = PBXResourcesBuildPhase;
			buildActionMask = 2147483647;
			files = (
				24C4ABF529A9ECAE002DC59C /* LaunchScreen.storyboard in Resources */,
				24C4ABF229A9ECAE002DC59C /* Assets.xcassets in Resources */,
				24C4AC1B29A9EE37002DC59C /* HomeViewController.xib in Resources */,
			);
			runOnlyForDeploymentPostprocessing = 0;
		};
		24C4ABF929A9ECAE002DC59C /* Resources */ = {
			isa = PBXResourcesBuildPhase;
			buildActionMask = 2147483647;
			files = (
			);
			runOnlyForDeploymentPostprocessing = 0;
		};
		24C4AC0329A9ECAE002DC59C /* Resources */ = {
			isa = PBXResourcesBuildPhase;
			buildActionMask = 2147483647;
			files = (
			);
			runOnlyForDeploymentPostprocessing = 0;
		};
/* End PBXResourcesBuildPhase section */

/* Begin PBXSourcesBuildPhase section */
		24C4ABE129A9ECAD002DC59C /* Sources */ = {
			isa = PBXSourcesBuildPhase;
			buildActionMask = 2147483647;
			files = (
				24C4ABE929A9ECAD002DC59C /* AppDelegate.swift in Sources */,
				24C4AC3129A9F43A002DC59C /* PokemonRepository.swift in Sources */,
				24C4AC3729A9F772002DC59C /* PokemonImageEntity.swift in Sources */,
				24C4ABEB29A9ECAD002DC59C /* SceneDelegate.swift in Sources */,
				24C4AC2E29A9F3A2002DC59C /* PokemonDataSource.swift in Sources */,
				24C4AC1929A9EDFD002DC59C /* HomeViewController.swift in Sources */,
				24C4AC3929A9F79E002DC59C /* PokemonTypesEntity.swift in Sources */,
				24C4AC3B29A9F7BC002DC59C /* PokemonTypeEntity.swift in Sources */,
				24C4AC3529A9F4C8002DC59C /* PokemonEntity.swift in Sources */,
			);
			runOnlyForDeploymentPostprocessing = 0;
		};
		24C4ABF729A9ECAE002DC59C /* Sources */ = {
			isa = PBXSourcesBuildPhase;
			buildActionMask = 2147483647;
			files = (
				24C4AC0029A9ECAE002DC59C /* PokeDexTests.swift in Sources */,
			);
			runOnlyForDeploymentPostprocessing = 0;
		};
		24C4AC0129A9ECAE002DC59C /* Sources */ = {
			isa = PBXSourcesBuildPhase;
			buildActionMask = 2147483647;
			files = (
				24C4AC0A29A9ECAE002DC59C /* PokeDexUITests.swift in Sources */,
				24C4AC0C29A9ECAE002DC59C /* PokeDexUITestsLaunchTests.swift in Sources */,
			);
			runOnlyForDeploymentPostprocessing = 0;
		};
/* End PBXSourcesBuildPhase section */

/* Begin PBXTargetDependency section */
		24C4ABFD29A9ECAE002DC59C /* PBXTargetDependency */ = {
			isa = PBXTargetDependency;
			target = 24C4ABE429A9ECAD002DC59C /* PokeDex */;
			targetProxy = 24C4ABFC29A9ECAE002DC59C /* PBXContainerItemProxy */;
		};
		24C4AC0729A9ECAE002DC59C /* PBXTargetDependency */ = {
			isa = PBXTargetDependency;
			target = 24C4ABE429A9ECAD002DC59C /* PokeDex */;
			targetProxy = 24C4AC0629A9ECAE002DC59C /* PBXContainerItemProxy */;
		};
/* End PBXTargetDependency section */

/* Begin PBXVariantGroup section */
		24C4ABF329A9ECAE002DC59C /* LaunchScreen.storyboard */ = {
			isa = PBXVariantGroup;
			children = (
				24C4ABF429A9ECAE002DC59C /* Base */,
			);
			name = LaunchScreen.storyboard;
			sourceTree = "<group>";
		};
/* End PBXVariantGroup section */

/* Begin XCBuildConfiguration section */
		24C4AC0D29A9ECAE002DC59C /* Debug */ = {
			isa = XCBuildConfiguration;
			buildSettings = {
				ALWAYS_SEARCH_USER_PATHS = NO;
				CLANG_ANALYZER_NONNULL = YES;
				CLANG_ANALYZER_NUMBER_OBJECT_CONVERSION = YES_AGGRESSIVE;
				CLANG_CXX_LANGUAGE_STANDARD = "gnu++20";
				CLANG_ENABLE_MODULES = YES;
				CLANG_ENABLE_OBJC_ARC = YES;
				CLANG_ENABLE_OBJC_WEAK = YES;
				CLANG_WARN_BLOCK_CAPTURE_AUTORELEASING = YES;
				CLANG_WARN_BOOL_CONVERSION = YES;
				CLANG_WARN_COMMA = YES;
				CLANG_WARN_CONSTANT_CONVERSION = YES;
				CLANG_WARN_DEPRECATED_OBJC_IMPLEMENTATIONS = YES;
				CLANG_WARN_DIRECT_OBJC_ISA_USAGE = YES_ERROR;
				CLANG_WARN_DOCUMENTATION_COMMENTS = YES;
				CLANG_WARN_EMPTY_BODY = YES;
				CLANG_WARN_ENUM_CONVERSION = YES;
				CLANG_WARN_INFINITE_RECURSION = YES;
				CLANG_WARN_INT_CONVERSION = YES;
				CLANG_WARN_NON_LITERAL_NULL_CONVERSION = YES;
				CLANG_WARN_OBJC_IMPLICIT_RETAIN_SELF = YES;
				CLANG_WARN_OBJC_LITERAL_CONVERSION = YES;
				CLANG_WARN_OBJC_ROOT_CLASS = YES_ERROR;
				CLANG_WARN_QUOTED_INCLUDE_IN_FRAMEWORK_HEADER = YES;
				CLANG_WARN_RANGE_LOOP_ANALYSIS = YES;
				CLANG_WARN_STRICT_PROTOTYPES = YES;
				CLANG_WARN_SUSPICIOUS_MOVE = YES;
				CLANG_WARN_UNGUARDED_AVAILABILITY = YES_AGGRESSIVE;
				CLANG_WARN_UNREACHABLE_CODE = YES;
				CLANG_WARN__DUPLICATE_METHOD_MATCH = YES;
				COPY_PHASE_STRIP = NO;
				DEBUG_INFORMATION_FORMAT = dwarf;
				ENABLE_STRICT_OBJC_MSGSEND = YES;
				ENABLE_TESTABILITY = YES;
				GCC_C_LANGUAGE_STANDARD = gnu11;
				GCC_DYNAMIC_NO_PIC = NO;
				GCC_NO_COMMON_BLOCKS = YES;
				GCC_OPTIMIZATION_LEVEL = 0;
				GCC_PREPROCESSOR_DEFINITIONS = (
					"DEBUG=1",
					"$(inherited)",
				);
				GCC_WARN_64_TO_32_BIT_CONVERSION = YES;
				GCC_WARN_ABOUT_RETURN_TYPE = YES_ERROR;
				GCC_WARN_UNDECLARED_SELECTOR = YES;
				GCC_WARN_UNINITIALIZED_AUTOS = YES_AGGRESSIVE;
				GCC_WARN_UNUSED_FUNCTION = YES;
				GCC_WARN_UNUSED_VARIABLE = YES;
				IPHONEOS_DEPLOYMENT_TARGET = 16.2;
				MTL_ENABLE_DEBUG_INFO = INCLUDE_SOURCE;
				MTL_FAST_MATH = YES;
				ONLY_ACTIVE_ARCH = YES;
				SDKROOT = iphoneos;
				SWIFT_ACTIVE_COMPILATION_CONDITIONS = DEBUG;
				SWIFT_OPTIMIZATION_LEVEL = "-Onone";
			};
			name = Debug;
		};
		24C4AC0E29A9ECAE002DC59C /* Release */ = {
			isa = XCBuildConfiguration;
			buildSettings = {
				ALWAYS_SEARCH_USER_PATHS = NO;
				CLANG_ANALYZER_NONNULL = YES;
				CLANG_ANALYZER_NUMBER_OBJECT_CONVERSION = YES_AGGRESSIVE;
				CLANG_CXX_LANGUAGE_STANDARD = "gnu++20";
				CLANG_ENABLE_MODULES = YES;
				CLANG_ENABLE_OBJC_ARC = YES;
				CLANG_ENABLE_OBJC_WEAK = YES;
				CLANG_WARN_BLOCK_CAPTURE_AUTORELEASING = YES;
				CLANG_WARN_BOOL_CONVERSION = YES;
				CLANG_WARN_COMMA = YES;
				CLANG_WARN_CONSTANT_CONVERSION = YES;
				CLANG_WARN_DEPRECATED_OBJC_IMPLEMENTATIONS = YES;
				CLANG_WARN_DIRECT_OBJC_ISA_USAGE = YES_ERROR;
				CLANG_WARN_DOCUMENTATION_COMMENTS = YES;
				CLANG_WARN_EMPTY_BODY = YES;
				CLANG_WARN_ENUM_CONVERSION = YES;
				CLANG_WARN_INFINITE_RECURSION = YES;
				CLANG_WARN_INT_CONVERSION = YES;
				CLANG_WARN_NON_LITERAL_NULL_CONVERSION = YES;
				CLANG_WARN_OBJC_IMPLICIT_RETAIN_SELF = YES;
				CLANG_WARN_OBJC_LITERAL_CONVERSION = YES;
				CLANG_WARN_OBJC_ROOT_CLASS = YES_ERROR;
				CLANG_WARN_QUOTED_INCLUDE_IN_FRAMEWORK_HEADER = YES;
				CLANG_WARN_RANGE_LOOP_ANALYSIS = YES;
				CLANG_WARN_STRICT_PROTOTYPES = YES;
				CLANG_WARN_SUSPICIOUS_MOVE = YES;
				CLANG_WARN_UNGUARDED_AVAILABILITY = YES_AGGRESSIVE;
				CLANG_WARN_UNREACHABLE_CODE = YES;
				CLANG_WARN__DUPLICATE_METHOD_MATCH = YES;
				COPY_PHASE_STRIP = NO;
				DEBUG_INFORMATION_FORMAT = "dwarf-with-dsym";
				ENABLE_NS_ASSERTIONS = NO;
				ENABLE_STRICT_OBJC_MSGSEND = YES;
				GCC_C_LANGUAGE_STANDARD = gnu11;
				GCC_NO_COMMON_BLOCKS = YES;
				GCC_WARN_64_TO_32_BIT_CONVERSION = YES;
				GCC_WARN_ABOUT_RETURN_TYPE = YES_ERROR;
				GCC_WARN_UNDECLARED_SELECTOR = YES;
				GCC_WARN_UNINITIALIZED_AUTOS = YES_AGGRESSIVE;
				GCC_WARN_UNUSED_FUNCTION = YES;
				GCC_WARN_UNUSED_VARIABLE = YES;
				IPHONEOS_DEPLOYMENT_TARGET = 16.2;
				MTL_ENABLE_DEBUG_INFO = NO;
				MTL_FAST_MATH = YES;
				SDKROOT = iphoneos;
				SWIFT_COMPILATION_MODE = wholemodule;
				SWIFT_OPTIMIZATION_LEVEL = "-O";
				VALIDATE_PRODUCT = YES;
			};
			name = Release;
		};
		24C4AC1029A9ECAE002DC59C /* Debug */ = {
			isa = XCBuildConfiguration;
			buildSettings = {
				ASSETCATALOG_COMPILER_APPICON_NAME = AppIcon;
				ASSETCATALOG_COMPILER_GLOBAL_ACCENT_COLOR_NAME = AccentColor;
				CODE_SIGN_STYLE = Automatic;
				CURRENT_PROJECT_VERSION = 1;
				DEVELOPMENT_TEAM = P6K8M6RQ2W;
				GENERATE_INFOPLIST_FILE = YES;
				INFOPLIST_FILE = PokeDex/Info.plist;
				INFOPLIST_KEY_UIApplicationSupportsIndirectInputEvents = YES;
				INFOPLIST_KEY_UILaunchStoryboardName = LaunchScreen;
				INFOPLIST_KEY_UISupportedInterfaceOrientations = UIInterfaceOrientationPortrait;
				INFOPLIST_KEY_UISupportedInterfaceOrientations_iPad = "UIInterfaceOrientationLandscapeLeft UIInterfaceOrientationLandscapeRight UIInterfaceOrientationPortrait UIInterfaceOrientationPortraitUpsideDown";
				IPHONEOS_DEPLOYMENT_TARGET = 15.0;
				LD_RUNPATH_SEARCH_PATHS = (
					"$(inherited)",
					"@executable_path/Frameworks",
				);
				MARKETING_VERSION = 1.0;
				PRODUCT_BUNDLE_IDENTIFIER = com.r.t.astronomy.PokeDex;
				PRODUCT_NAME = "$(TARGET_NAME)";
				SUPPORTED_PLATFORMS = "iphoneos iphonesimulator";
				SUPPORTS_MACCATALYST = NO;
				SUPPORTS_MAC_DESIGNED_FOR_IPHONE_IPAD = NO;
				SWIFT_EMIT_LOC_STRINGS = YES;
				SWIFT_VERSION = 5.0;
				TARGETED_DEVICE_FAMILY = 1;
			};
			name = Debug;
		};
		24C4AC1129A9ECAE002DC59C /* Release */ = {
			isa = XCBuildConfiguration;
			buildSettings = {
				ASSETCATALOG_COMPILER_APPICON_NAME = AppIcon;
				ASSETCATALOG_COMPILER_GLOBAL_ACCENT_COLOR_NAME = AccentColor;
				CODE_SIGN_STYLE = Automatic;
				CURRENT_PROJECT_VERSION = 1;
				DEVELOPMENT_TEAM = P6K8M6RQ2W;
				GENERATE_INFOPLIST_FILE = YES;
				INFOPLIST_FILE = PokeDex/Info.plist;
				INFOPLIST_KEY_UIApplicationSupportsIndirectInputEvents = YES;
				INFOPLIST_KEY_UILaunchStoryboardName = LaunchScreen;
				INFOPLIST_KEY_UISupportedInterfaceOrientations = UIInterfaceOrientationPortrait;
				INFOPLIST_KEY_UISupportedInterfaceOrientations_iPad = "UIInterfaceOrientationLandscapeLeft UIInterfaceOrientationLandscapeRight UIInterfaceOrientationPortrait UIInterfaceOrientationPortraitUpsideDown";
				IPHONEOS_DEPLOYMENT_TARGET = 15.0;
				LD_RUNPATH_SEARCH_PATHS = (
					"$(inherited)",
					"@executable_path/Frameworks",
				);
				MARKETING_VERSION = 1.0;
				PRODUCT_BUNDLE_IDENTIFIER = com.r.t.astronomy.PokeDex;
				PRODUCT_NAME = "$(TARGET_NAME)";
				SUPPORTED_PLATFORMS = "iphoneos iphonesimulator";
				SUPPORTS_MACCATALYST = NO;
				SUPPORTS_MAC_DESIGNED_FOR_IPHONE_IPAD = NO;
				SWIFT_EMIT_LOC_STRINGS = YES;
				SWIFT_VERSION = 5.0;
				TARGETED_DEVICE_FAMILY = 1;
			};
			name = Release;
		};
		24C4AC1329A9ECAE002DC59C /* Debug */ = {
			isa = XCBuildConfiguration;
			buildSettings = {
				ALWAYS_EMBED_SWIFT_STANDARD_LIBRARIES = YES;
				BUNDLE_LOADER = "$(TEST_HOST)";
				CODE_SIGN_STYLE = Automatic;
				CURRENT_PROJECT_VERSION = 1;
				DEVELOPMENT_TEAM = P6K8M6RQ2W;
				GENERATE_INFOPLIST_FILE = YES;
				IPHONEOS_DEPLOYMENT_TARGET = 16.2;
				MARKETING_VERSION = 1.0;
				PRODUCT_BUNDLE_IDENTIFIER = com.r.t.astronomy.PokeDexTests;
				PRODUCT_NAME = "$(TARGET_NAME)";
				SWIFT_EMIT_LOC_STRINGS = NO;
				SWIFT_VERSION = 5.0;
				TARGETED_DEVICE_FAMILY = "1,2";
				TEST_HOST = "$(BUILT_PRODUCTS_DIR)/PokeDex.app/$(BUNDLE_EXECUTABLE_FOLDER_PATH)/PokeDex";
			};
			name = Debug;
		};
		24C4AC1429A9ECAE002DC59C /* Release */ = {
			isa = XCBuildConfiguration;
			buildSettings = {
				ALWAYS_EMBED_SWIFT_STANDARD_LIBRARIES = YES;
				BUNDLE_LOADER = "$(TEST_HOST)";
				CODE_SIGN_STYLE = Automatic;
				CURRENT_PROJECT_VERSION = 1;
				DEVELOPMENT_TEAM = P6K8M6RQ2W;
				GENERATE_INFOPLIST_FILE = YES;
				IPHONEOS_DEPLOYMENT_TARGET = 16.2;
				MARKETING_VERSION = 1.0;
				PRODUCT_BUNDLE_IDENTIFIER = com.r.t.astronomy.PokeDexTests;
				PRODUCT_NAME = "$(TARGET_NAME)";
				SWIFT_EMIT_LOC_STRINGS = NO;
				SWIFT_VERSION = 5.0;
				TARGETED_DEVICE_FAMILY = "1,2";
				TEST_HOST = "$(BUILT_PRODUCTS_DIR)/PokeDex.app/$(BUNDLE_EXECUTABLE_FOLDER_PATH)/PokeDex";
			};
			name = Release;
		};
		24C4AC1629A9ECAE002DC59C /* Debug */ = {
			isa = XCBuildConfiguration;
			buildSettings = {
				ALWAYS_EMBED_SWIFT_STANDARD_LIBRARIES = YES;
				CODE_SIGN_STYLE = Automatic;
				CURRENT_PROJECT_VERSION = 1;
				DEVELOPMENT_TEAM = P6K8M6RQ2W;
				GENERATE_INFOPLIST_FILE = YES;
				MARKETING_VERSION = 1.0;
				PRODUCT_BUNDLE_IDENTIFIER = com.r.t.astronomy.PokeDexUITests;
				PRODUCT_NAME = "$(TARGET_NAME)";
				SWIFT_EMIT_LOC_STRINGS = NO;
				SWIFT_VERSION = 5.0;
				TARGETED_DEVICE_FAMILY = "1,2";
				TEST_TARGET_NAME = PokeDex;
			};
			name = Debug;
		};
		24C4AC1729A9ECAE002DC59C /* Release */ = {
			isa = XCBuildConfiguration;
			buildSettings = {
				ALWAYS_EMBED_SWIFT_STANDARD_LIBRARIES = YES;
				CODE_SIGN_STYLE = Automatic;
				CURRENT_PROJECT_VERSION = 1;
				DEVELOPMENT_TEAM = P6K8M6RQ2W;
				GENERATE_INFOPLIST_FILE = YES;
				MARKETING_VERSION = 1.0;
				PRODUCT_BUNDLE_IDENTIFIER = com.r.t.astronomy.PokeDexUITests;
				PRODUCT_NAME = "$(TARGET_NAME)";
				SWIFT_EMIT_LOC_STRINGS = NO;
				SWIFT_VERSION = 5.0;
				TARGETED_DEVICE_FAMILY = "1,2";
				TEST_TARGET_NAME = PokeDex;
			};
			name = Release;
		};
/* End XCBuildConfiguration section */

/* Begin XCConfigurationList section */
		24C4ABE029A9ECAD002DC59C /* Build configuration list for PBXProject "PokeDex" */ = {
			isa = XCConfigurationList;
			buildConfigurations = (
				24C4AC0D29A9ECAE002DC59C /* Debug */,
				24C4AC0E29A9ECAE002DC59C /* Release */,
			);
			defaultConfigurationIsVisible = 0;
			defaultConfigurationName = Release;
		};
		24C4AC0F29A9ECAE002DC59C /* Build configuration list for PBXNativeTarget "PokeDex" */ = {
			isa = XCConfigurationList;
			buildConfigurations = (
				24C4AC1029A9ECAE002DC59C /* Debug */,
				24C4AC1129A9ECAE002DC59C /* Release */,
			);
			defaultConfigurationIsVisible = 0;
			defaultConfigurationName = Release;
		};
		24C4AC1229A9ECAE002DC59C /* Build configuration list for PBXNativeTarget "PokeDexTests" */ = {
			isa = XCConfigurationList;
			buildConfigurations = (
				24C4AC1329A9ECAE002DC59C /* Debug */,
				24C4AC1429A9ECAE002DC59C /* Release */,
			);
			defaultConfigurationIsVisible = 0;
			defaultConfigurationName = Release;
		};
		24C4AC1529A9ECAE002DC59C /* Build configuration list for PBXNativeTarget "PokeDexUITests" */ = {
			isa = XCConfigurationList;
			buildConfigurations = (
				24C4AC1629A9ECAE002DC59C /* Debug */,
				24C4AC1729A9ECAE002DC59C /* Release */,
			);
			defaultConfigurationIsVisible = 0;
			defaultConfigurationName = Release;
		};
/* End XCConfigurationList section */

/* Begin XCRemoteSwiftPackageReference section */
		24C4AC2129A9F1E7002DC59C /* XCRemoteSwiftPackageReference "SDWebImage" */ = {
			isa = XCRemoteSwiftPackageReference;
			repositoryURL = "https://github.com/SDWebImage/SDWebImage.git";
			requirement = {
				kind = upToNextMajorVersion;
				minimumVersion = 5.0.0;
			};
		};
		24C4AC2429A9F200002DC59C /* XCRemoteSwiftPackageReference "RxSwift" */ = {
			isa = XCRemoteSwiftPackageReference;
			repositoryURL = "https://github.com/ReactiveX/RxSwift.git";
			requirement = {
				branch = main;
				kind = branch;
			};
		};
/* End XCRemoteSwiftPackageReference section */

/* Begin XCSwiftPackageProductDependency section */
		24C4AC2229A9F1E7002DC59C /* SDWebImage */ = {
			isa = XCSwiftPackageProductDependency;
			package = 24C4AC2129A9F1E7002DC59C /* XCRemoteSwiftPackageReference "SDWebImage" */;
			productName = SDWebImage;
		};
		24C4AC2529A9F200002DC59C /* RxCocoa */ = {
			isa = XCSwiftPackageProductDependency;
			package = 24C4AC2429A9F200002DC59C /* XCRemoteSwiftPackageReference "RxSwift" */;
			productName = RxCocoa;
		};
		24C4AC2729A9F200002DC59C /* RxRelay */ = {
			isa = XCSwiftPackageProductDependency;
			package = 24C4AC2429A9F200002DC59C /* XCRemoteSwiftPackageReference "RxSwift" */;
			productName = RxRelay;
		};
		24C4AC2929A9F200002DC59C /* RxSwift */ = {
			isa = XCSwiftPackageProductDependency;
			package = 24C4AC2429A9F200002DC59C /* XCRemoteSwiftPackageReference "RxSwift" */;
			productName = RxSwift;
		};
/* End XCSwiftPackageProductDependency section */
	};
	rootObject = 24C4ABDD29A9ECAD002DC59C /* Project object */;
}
